// !$*UTF8*$!
{
	archiveVersion = 1;
	classes = {
	};
	objectVersion = 56;
	objects = {

/* Begin PBXBuildFile section */
		FA0916B32A07B4F000E7F2AE /* ToDoListApp.swift in Sources */ = {isa = PBXBuildFile; fileRef = FA0916B22A07B4F000E7F2AE /* ToDoListApp.swift */; };
		FA0916B52A07B4F000E7F2AE /* MainView.swift in Sources */ = {isa = PBXBuildFile; fileRef = FA0916B42A07B4F000E7F2AE /* MainView.swift */; };
		FA0916B72A07B4F200E7F2AE /* Assets.xcassets in Resources */ = {isa = PBXBuildFile; fileRef = FA0916B62A07B4F200E7F2AE /* Assets.xcassets */; };
		FA0916BA2A07B4F200E7F2AE /* Preview Assets.xcassets in Resources */ = {isa = PBXBuildFile; fileRef = FA0916B92A07B4F200E7F2AE /* Preview Assets.xcassets */; };
		FA0916C22A07B7E700E7F2AE /* FirebaseAuth in Frameworks */ = {isa = PBXBuildFile; productRef = FA0916C12A07B7E700E7F2AE /* FirebaseAuth */; };
		FA0916C42A07B7E700E7F2AE /* FirebaseFirestore in Frameworks */ = {isa = PBXBuildFile; productRef = FA0916C32A07B7E700E7F2AE /* FirebaseFirestore */; };
		FA0916C62A07B7E700E7F2AE /* FirebaseFirestoreSwift in Frameworks */ = {isa = PBXBuildFile; productRef = FA0916C52A07B7E700E7F2AE /* FirebaseFirestoreSwift */; };
		FA0916C82A07B98D00E7F2AE /* GoogleService-Info.plist in Resources */ = {isa = PBXBuildFile; fileRef = FA0916C72A07B98D00E7F2AE /* GoogleService-Info.plist */; };
		FAAE9A4D2A07C67E0018D806 /* ProfileView.swift in Sources */ = {isa = PBXBuildFile; fileRef = FAAE9A4C2A07C67E0018D806 /* ProfileView.swift */; };
		FAAE9A4F2A07C69D0018D806 /* ToDoListIView.swift in Sources */ = {isa = PBXBuildFile; fileRef = FAAE9A4E2A07C69D0018D806 /* ToDoListIView.swift */; };
		FAAE9A512A07C7610018D806 /* NewItemView.swift in Sources */ = {isa = PBXBuildFile; fileRef = FAAE9A502A07C7610018D806 /* NewItemView.swift */; };
		FAAE9A532A07C7730018D806 /* LoginView.swift in Sources */ = {isa = PBXBuildFile; fileRef = FAAE9A522A07C7730018D806 /* LoginView.swift */; };
		FAAE9A552A07C7880018D806 /* RegisterView.swift in Sources */ = {isa = PBXBuildFile; fileRef = FAAE9A542A07C7880018D806 /* RegisterView.swift */; };
		FAAE9A572A07C7C00018D806 /* ToDoListItemView.swift in Sources */ = {isa = PBXBuildFile; fileRef = FAAE9A562A07C7C00018D806 /* ToDoListItemView.swift */; };
		FAAE9A592A07C8090018D806 /* User.swift in Sources */ = {isa = PBXBuildFile; fileRef = FAAE9A582A07C8090018D806 /* User.swift */; };
		FAAE9A5B2A07C81F0018D806 /* ToDoListItem.swift in Sources */ = {isa = PBXBuildFile; fileRef = FAAE9A5A2A07C81F0018D806 /* ToDoListItem.swift */; };
		FAAE9A5D2A07C8560018D806 /* MainViewViewModel.swift in Sources */ = {isa = PBXBuildFile; fileRef = FAAE9A5C2A07C8560018D806 /* MainViewViewModel.swift */; };
		FAAE9A5F2A07C8870018D806 /* ProfileViewViewModel.swift in Sources */ = {isa = PBXBuildFile; fileRef = FAAE9A5E2A07C8870018D806 /* ProfileViewViewModel.swift */; };
		FAAE9A612A07C8A10018D806 /* ToDoListViewViewModel.swift in Sources */ = {isa = PBXBuildFile; fileRef = FAAE9A602A07C8A10018D806 /* ToDoListViewViewModel.swift */; };
		FAAE9A632A07C8D10018D806 /* NewItemViewViewModel.swift in Sources */ = {isa = PBXBuildFile; fileRef = FAAE9A622A07C8D10018D806 /* NewItemViewViewModel.swift */; };
		FAAE9A652A07C8E50018D806 /* LoginViewViewModel.swift in Sources */ = {isa = PBXBuildFile; fileRef = FAAE9A642A07C8E50018D806 /* LoginViewViewModel.swift */; };
		FAAE9A672A07C8F10018D806 /* RegisterViewViewModel.swift in Sources */ = {isa = PBXBuildFile; fileRef = FAAE9A662A07C8F10018D806 /* RegisterViewViewModel.swift */; };
		FAAE9A692A07C9130018D806 /* ToDoListItemViewViewModel.swift in Sources */ = {isa = PBXBuildFile; fileRef = FAAE9A682A07C9130018D806 /* ToDoListItemViewViewModel.swift */; };
		FAAE9A6B2A07CF0C0018D806 /* HeaderView.swift in Sources */ = {isa = PBXBuildFile; fileRef = FAAE9A6A2A07CF0C0018D806 /* HeaderView.swift */; };
/* End PBXBuildFile section */

/* Begin PBXFileReference section */
		FA0916AF2A07B4F000E7F2AE /* ToDoList.app */ = {isa = PBXFileReference; explicitFileType = wrapper.application; includeInIndex = 0; path = ToDoList.app; sourceTree = BUILT_PRODUCTS_DIR; };
		FA0916B22A07B4F000E7F2AE /* ToDoListApp.swift */ = {isa = PBXFileReference; lastKnownFileType = sourcecode.swift; path = ToDoListApp.swift; sourceTree = "<group>"; };
		FA0916B42A07B4F000E7F2AE /* MainView.swift */ = {isa = PBXFileReference; lastKnownFileType = sourcecode.swift; path = MainView.swift; sourceTree = "<group>"; };
		FA0916B62A07B4F200E7F2AE /* Assets.xcassets */ = {isa = PBXFileReference; lastKnownFileType = folder.assetcatalog; path = Assets.xcassets; sourceTree = "<group>"; };
		FA0916B92A07B4F200E7F2AE /* Preview Assets.xcassets */ = {isa = PBXFileReference; lastKnownFileType = folder.assetcatalog; path = "Preview Assets.xcassets"; sourceTree = "<group>"; };
		FA0916C72A07B98D00E7F2AE /* GoogleService-Info.plist */ = {isa = PBXFileReference; fileEncoding = 4; lastKnownFileType = text.plist.xml; path = "GoogleService-Info.plist"; sourceTree = "<group>"; };
		FAAE9A4C2A07C67E0018D806 /* ProfileView.swift */ = {isa = PBXFileReference; lastKnownFileType = sourcecode.swift; path = ProfileView.swift; sourceTree = "<group>"; };
		FAAE9A4E2A07C69D0018D806 /* ToDoListIView.swift */ = {isa = PBXFileReference; lastKnownFileType = sourcecode.swift; path = ToDoListIView.swift; sourceTree = "<group>"; };
		FAAE9A502A07C7610018D806 /* NewItemView.swift */ = {isa = PBXFileReference; lastKnownFileType = sourcecode.swift; path = NewItemView.swift; sourceTree = "<group>"; };
		FAAE9A522A07C7730018D806 /* LoginView.swift */ = {isa = PBXFileReference; lastKnownFileType = sourcecode.swift; path = LoginView.swift; sourceTree = "<group>"; };
		FAAE9A542A07C7880018D806 /* RegisterView.swift */ = {isa = PBXFileReference; lastKnownFileType = sourcecode.swift; path = RegisterView.swift; sourceTree = "<group>"; };
		FAAE9A562A07C7C00018D806 /* ToDoListItemView.swift */ = {isa = PBXFileReference; lastKnownFileType = sourcecode.swift; path = ToDoListItemView.swift; sourceTree = "<group>"; };
		FAAE9A582A07C8090018D806 /* User.swift */ = {isa = PBXFileReference; lastKnownFileType = sourcecode.swift; path = User.swift; sourceTree = "<group>"; };
		FAAE9A5A2A07C81F0018D806 /* ToDoListItem.swift */ = {isa = PBXFileReference; lastKnownFileType = sourcecode.swift; path = ToDoListItem.swift; sourceTree = "<group>"; };
		FAAE9A5C2A07C8560018D806 /* MainViewViewModel.swift */ = {isa = PBXFileReference; lastKnownFileType = sourcecode.swift; path = MainViewViewModel.swift; sourceTree = "<group>"; };
		FAAE9A5E2A07C8870018D806 /* ProfileViewViewModel.swift */ = {isa = PBXFileReference; lastKnownFileType = sourcecode.swift; path = ProfileViewViewModel.swift; sourceTree = "<group>"; };
		FAAE9A602A07C8A10018D806 /* ToDoListViewViewModel.swift */ = {isa = PBXFileReference; lastKnownFileType = sourcecode.swift; path = ToDoListViewViewModel.swift; sourceTree = "<group>"; };
		FAAE9A622A07C8D10018D806 /* NewItemViewViewModel.swift */ = {isa = PBXFileReference; lastKnownFileType = sourcecode.swift; path = NewItemViewViewModel.swift; sourceTree = "<group>"; };
		FAAE9A642A07C8E50018D806 /* LoginViewViewModel.swift */ = {isa = PBXFileReference; lastKnownFileType = sourcecode.swift; path = LoginViewViewModel.swift; sourceTree = "<group>"; };
		FAAE9A662A07C8F10018D806 /* RegisterViewViewModel.swift */ = {isa = PBXFileReference; lastKnownFileType = sourcecode.swift; path = RegisterViewViewModel.swift; sourceTree = "<group>"; };
		FAAE9A682A07C9130018D806 /* ToDoListItemViewViewModel.swift */ = {isa = PBXFileReference; lastKnownFileType = sourcecode.swift; path = ToDoListItemViewViewModel.swift; sourceTree = "<group>"; };
		FAAE9A6A2A07CF0C0018D806 /* HeaderView.swift */ = {isa = PBXFileReference; lastKnownFileType = sourcecode.swift; path = HeaderView.swift; sourceTree = "<group>"; };
/* End PBXFileReference section */

/* Begin PBXFrameworksBuildPhase section */
		FA0916AC2A07B4F000E7F2AE /* Frameworks */ = {
			isa = PBXFrameworksBuildPhase;
			buildActionMask = 2147483647;
			files = (
				FA0916C22A07B7E700E7F2AE /* FirebaseAuth in Frameworks */,
				FA0916C42A07B7E700E7F2AE /* FirebaseFirestore in Frameworks */,
				FA0916C62A07B7E700E7F2AE /* FirebaseFirestoreSwift in Frameworks */,
			);
			runOnlyForDeploymentPostprocessing = 0;
		};
/* End PBXFrameworksBuildPhase section */

/* Begin PBXGroup section */
		FA0916A62A07B4F000E7F2AE = {
			isa = PBXGroup;
			children = (
				FA0916B12A07B4F000E7F2AE /* ToDoList */,
				FA0916B02A07B4F000E7F2AE /* Products */,
			);
			sourceTree = "<group>";
		};
		FA0916B02A07B4F000E7F2AE /* Products */ = {
			isa = PBXGroup;
			children = (
				FA0916AF2A07B4F000E7F2AE /* ToDoList.app */,
			);
			name = Products;
			sourceTree = "<group>";
		};
		FA0916B12A07B4F000E7F2AE /* ToDoList */ = {
			isa = PBXGroup;
			children = (
				FAAE9A4B2A07C57C0018D806 /* Other */,
				FAAE9A4A2A07C5600018D806 /* Models */,
				FAAE9A492A07C51D0018D806 /* ViewsModel */,
				FAAE9A482A07C50D0018D806 /* Views */,
				FA0916B82A07B4F200E7F2AE /* Preview Content */,
			);
			path = ToDoList;
			sourceTree = "<group>";
		};
		FA0916B82A07B4F200E7F2AE /* Preview Content */ = {
			isa = PBXGroup;
			children = (
				FA0916B92A07B4F200E7F2AE /* Preview Assets.xcassets */,
			);
			path = "Preview Content";
			sourceTree = "<group>";
		};
		FAAE9A482A07C50D0018D806 /* Views */ = {
			isa = PBXGroup;
			children = (
				FA0916B42A07B4F000E7F2AE /* MainView.swift */,
				FAAE9A4C2A07C67E0018D806 /* ProfileView.swift */,
				FAAE9A4E2A07C69D0018D806 /* ToDoListIView.swift */,
				FAAE9A502A07C7610018D806 /* NewItemView.swift */,
				FAAE9A522A07C7730018D806 /* LoginView.swift */,
				FAAE9A542A07C7880018D806 /* RegisterView.swift */,
				FAAE9A562A07C7C00018D806 /* ToDoListItemView.swift */,
				FAAE9A6A2A07CF0C0018D806 /* HeaderView.swift */,
			);
			path = Views;
			sourceTree = "<group>";
		};
		FAAE9A492A07C51D0018D806 /* ViewsModel */ = {
			isa = PBXGroup;
			children = (
				FAAE9A5C2A07C8560018D806 /* MainViewViewModel.swift */,
				FAAE9A5E2A07C8870018D806 /* ProfileViewViewModel.swift */,
				FAAE9A602A07C8A10018D806 /* ToDoListViewViewModel.swift */,
				FAAE9A622A07C8D10018D806 /* NewItemViewViewModel.swift */,
				FAAE9A642A07C8E50018D806 /* LoginViewViewModel.swift */,
				FAAE9A662A07C8F10018D806 /* RegisterViewViewModel.swift */,
				FAAE9A682A07C9130018D806 /* ToDoListItemViewViewModel.swift */,
			);
			path = ViewsModel;
			sourceTree = "<group>";
		};
		FAAE9A4A2A07C5600018D806 /* Models */ = {
			isa = PBXGroup;
			children = (
				FAAE9A582A07C8090018D806 /* User.swift */,
				FAAE9A5A2A07C81F0018D806 /* ToDoListItem.swift */,
			);
			path = Models;
			sourceTree = "<group>";
		};
		FAAE9A4B2A07C57C0018D806 /* Other */ = {
			isa = PBXGroup;
			children = (
				FA0916B62A07B4F200E7F2AE /* Assets.xcassets */,
				FA0916C72A07B98D00E7F2AE /* GoogleService-Info.plist */,
				FA0916B22A07B4F000E7F2AE /* ToDoListApp.swift */,
			);
			path = Other;
			sourceTree = "<group>";
		};
/* End PBXGroup section */

/* Begin PBXNativeTarget section */
		FA0916AE2A07B4F000E7F2AE /* ToDoList */ = {
			isa = PBXNativeTarget;
			buildConfigurationList = FA0916BD2A07B4F200E7F2AE /* Build configuration list for PBXNativeTarget "ToDoList" */;
			buildPhases = (
				FA0916AB2A07B4F000E7F2AE /* Sources */,
				FA0916AC2A07B4F000E7F2AE /* Frameworks */,
				FA0916AD2A07B4F000E7F2AE /* Resources */,
			);
			buildRules = (
			);
			dependencies = (
			);
			name = ToDoList;
			packageProductDependencies = (
				FA0916C12A07B7E700E7F2AE /* FirebaseAuth */,
				FA0916C32A07B7E700E7F2AE /* FirebaseFirestore */,
				FA0916C52A07B7E700E7F2AE /* FirebaseFirestoreSwift */,
			);
			productName = ToDoList;
			productReference = FA0916AF2A07B4F000E7F2AE /* ToDoList.app */;
			productType = "com.apple.product-type.application";
		};
/* End PBXNativeTarget section */

/* Begin PBXProject section */
		FA0916A72A07B4F000E7F2AE /* Project object */ = {
			isa = PBXProject;
			attributes = {
				BuildIndependentTargetsInParallel = 1;
				LastSwiftUpdateCheck = 1420;
				LastUpgradeCheck = 1420;
				TargetAttributes = {
					FA0916AE2A07B4F000E7F2AE = {
						CreatedOnToolsVersion = 14.2;
					};
				};
			};
			buildConfigurationList = FA0916AA2A07B4F000E7F2AE /* Build configuration list for PBXProject "ToDoList" */;
			compatibilityVersion = "Xcode 14.0";
			developmentRegion = en;
			hasScannedForEncodings = 0;
			knownRegions = (
				en,
				Base,
			);
			mainGroup = FA0916A62A07B4F000E7F2AE;
			packageReferences = (
				FA0916C02A07B7E700E7F2AE /* XCRemoteSwiftPackageReference "firebase-ios-sdk" */,
			);
			productRefGroup = FA0916B02A07B4F000E7F2AE /* Products */;
			projectDirPath = "";
			projectRoot = "";
			targets = (
				FA0916AE2A07B4F000E7F2AE /* ToDoList */,
			);
		};
/* End PBXProject section */

/* Begin PBXResourcesBuildPhase section */
		FA0916AD2A07B4F000E7F2AE /* Resources */ = {
			isa = PBXResourcesBuildPhase;
			buildActionMask = 2147483647;
			files = (
				FA0916BA2A07B4F200E7F2AE /* Preview Assets.xcassets in Resources */,
				FA0916B72A07B4F200E7F2AE /* Assets.xcassets in Resources */,
				FA0916C82A07B98D00E7F2AE /* GoogleService-Info.plist in Resources */,
			);
			runOnlyForDeploymentPostprocessing = 0;
		};
/* End PBXResourcesBuildPhase section */

/* Begin PBXSourcesBuildPhase section */
		FA0916AB2A07B4F000E7F2AE /* Sources */ = {
			isa = PBXSourcesBuildPhase;
			buildActionMask = 2147483647;
			files = (
				FAAE9A532A07C7730018D806 /* LoginView.swift in Sources */,
				FAAE9A6B2A07CF0C0018D806 /* HeaderView.swift in Sources */,
				FA0916B52A07B4F000E7F2AE /* MainView.swift in Sources */,
				FAAE9A672A07C8F10018D806 /* RegisterViewViewModel.swift in Sources */,
				FAAE9A5D2A07C8560018D806 /* MainViewViewModel.swift in Sources */,
				FAAE9A4F2A07C69D0018D806 /* ToDoListIView.swift in Sources */,
				FAAE9A552A07C7880018D806 /* RegisterView.swift in Sources */,
				FAAE9A5F2A07C8870018D806 /* ProfileViewViewModel.swift in Sources */,
				FAAE9A4D2A07C67E0018D806 /* ProfileView.swift in Sources */,
				FAAE9A592A07C8090018D806 /* User.swift in Sources */,
				FAAE9A572A07C7C00018D806 /* ToDoListItemView.swift in Sources */,
				FAAE9A612A07C8A10018D806 /* ToDoListViewViewModel.swift in Sources */,
				FAAE9A652A07C8E50018D806 /* LoginViewViewModel.swift in Sources */,
				FA0916B32A07B4F000E7F2AE /* ToDoListApp.swift in Sources */,
				FAAE9A5B2A07C81F0018D806 /* ToDoListItem.swift in Sources */,
				FAAE9A512A07C7610018D806 /* NewItemView.swift in Sources */,
				FAAE9A632A07C8D10018D806 /* NewItemViewViewModel.swift in Sources */,
				FAAE9A692A07C9130018D806 /* ToDoListItemViewViewModel.swift in Sources */,
			);
			runOnlyForDeploymentPostprocessing = 0;
		};
/* End PBXSourcesBuildPhase section */

/* Begin XCBuildConfiguration section */
		FA0916BB2A07B4F200E7F2AE /* Debug */ = {
			isa = XCBuildConfiguration;
			buildSettings = {
				ALWAYS_SEARCH_USER_PATHS = NO;
				CLANG_ANALYZER_NONNULL = YES;
				CLANG_ANALYZER_NUMBER_OBJECT_CONVERSION = YES_AGGRESSIVE;
				CLANG_CXX_LANGUAGE_STANDARD = "gnu++20";
				CLANG_ENABLE_MODULES = YES;
				CLANG_ENABLE_OBJC_ARC = YES;
				CLANG_ENABLE_OBJC_WEAK = YES;
				CLANG_WARN_BLOCK_CAPTURE_AUTORELEASING = YES;
				CLANG_WARN_BOOL_CONVERSION = YES;
				CLANG_WARN_COMMA = YES;
				CLANG_WARN_CONSTANT_CONVERSION = YES;
				CLANG_WARN_DEPRECATED_OBJC_IMPLEMENTATIONS = YES;
				CLANG_WARN_DIRECT_OBJC_ISA_USAGE = YES_ERROR;
				CLANG_WARN_DOCUMENTATION_COMMENTS = YES;
				CLANG_WARN_EMPTY_BODY = YES;
				CLANG_WARN_ENUM_CONVERSION = YES;
				CLANG_WARN_INFINITE_RECURSION = YES;
				CLANG_WARN_INT_CONVERSION = YES;
				CLANG_WARN_NON_LITERAL_NULL_CONVERSION = YES;
				CLANG_WARN_OBJC_IMPLICIT_RETAIN_SELF = YES;
				CLANG_WARN_OBJC_LITERAL_CONVERSION = YES;
				CLANG_WARN_OBJC_ROOT_CLASS = YES_ERROR;
				CLANG_WARN_QUOTED_INCLUDE_IN_FRAMEWORK_HEADER = YES;
				CLANG_WARN_RANGE_LOOP_ANALYSIS = YES;
				CLANG_WARN_STRICT_PROTOTYPES = YES;
				CLANG_WARN_SUSPICIOUS_MOVE = YES;
				CLANG_WARN_UNGUARDED_AVAILABILITY = YES_AGGRESSIVE;
				CLANG_WARN_UNREACHABLE_CODE = YES;
				CLANG_WARN__DUPLICATE_METHOD_MATCH = YES;
				COPY_PHASE_STRIP = NO;
				DEBUG_INFORMATION_FORMAT = dwarf;
				ENABLE_STRICT_OBJC_MSGSEND = YES;
				ENABLE_TESTABILITY = YES;
				GCC_C_LANGUAGE_STANDARD = gnu11;
				GCC_DYNAMIC_NO_PIC = NO;
				GCC_NO_COMMON_BLOCKS = YES;
				GCC_OPTIMIZATION_LEVEL = 0;
				GCC_PREPROCESSOR_DEFINITIONS = (
					"DEBUG=1",
					"$(inherited)",
				);
				GCC_WARN_64_TO_32_BIT_CONVERSION = YES;
				GCC_WARN_ABOUT_RETURN_TYPE = YES_ERROR;
				GCC_WARN_UNDECLARED_SELECTOR = YES;
				GCC_WARN_UNINITIALIZED_AUTOS = YES_AGGRESSIVE;
				GCC_WARN_UNUSED_FUNCTION = YES;
				GCC_WARN_UNUSED_VARIABLE = YES;
				IPHONEOS_DEPLOYMENT_TARGET = 16.4;
				MTL_ENABLE_DEBUG_INFO = INCLUDE_SOURCE;
				MTL_FAST_MATH = YES;
				ONLY_ACTIVE_ARCH = YES;
				SDKROOT = iphoneos;
				SWIFT_ACTIVE_COMPILATION_CONDITIONS = DEBUG;
				SWIFT_OPTIMIZATION_LEVEL = "-Onone";
			};
			name = Debug;
		};
		FA0916BC2A07B4F200E7F2AE /* Release */ = {
			isa = XCBuildConfiguration;
			buildSettings = {
				ALWAYS_SEARCH_USER_PATHS = NO;
				CLANG_ANALYZER_NONNULL = YES;
				CLANG_ANALYZER_NUMBER_OBJECT_CONVERSION = YES_AGGRESSIVE;
				CLANG_CXX_LANGUAGE_STANDARD = "gnu++20";
				CLANG_ENABLE_MODULES = YES;
				CLANG_ENABLE_OBJC_ARC = YES;
				CLANG_ENABLE_OBJC_WEAK = YES;
				CLANG_WARN_BLOCK_CAPTURE_AUTORELEASING = YES;
				CLANG_WARN_BOOL_CONVERSION = YES;
				CLANG_WARN_COMMA = YES;
				CLANG_WARN_CONSTANT_CONVERSION = YES;
				CLANG_WARN_DEPRECATED_OBJC_IMPLEMENTATIONS = YES;
				CLANG_WARN_DIRECT_OBJC_ISA_USAGE = YES_ERROR;
				CLANG_WARN_DOCUMENTATION_COMMENTS = YES;
				CLANG_WARN_EMPTY_BODY = YES;
				CLANG_WARN_ENUM_CONVERSION = YES;
				CLANG_WARN_INFINITE_RECURSION = YES;
				CLANG_WARN_INT_CONVERSION = YES;
				CLANG_WARN_NON_LITERAL_NULL_CONVERSION = YES;
				CLANG_WARN_OBJC_IMPLICIT_RETAIN_SELF = YES;
				CLANG_WARN_OBJC_LITERAL_CONVERSION = YES;
				CLANG_WARN_OBJC_ROOT_CLASS = YES_ERROR;
				CLANG_WARN_QUOTED_INCLUDE_IN_FRAMEWORK_HEADER = YES;
				CLANG_WARN_RANGE_LOOP_ANALYSIS = YES;
				CLANG_WARN_STRICT_PROTOTYPES = YES;
				CLANG_WARN_SUSPICIOUS_MOVE = YES;
				CLANG_WARN_UNGUARDED_AVAILABILITY = YES_AGGRESSIVE;
				CLANG_WARN_UNREACHABLE_CODE = YES;
				CLANG_WARN__DUPLICATE_METHOD_MATCH = YES;
				COPY_PHASE_STRIP = NO;
				DEBUG_INFORMATION_FORMAT = "dwarf-with-dsym";
				ENABLE_NS_ASSERTIONS = NO;
				ENABLE_STRICT_OBJC_MSGSEND = YES;
				GCC_C_LANGUAGE_STANDARD = gnu11;
				GCC_NO_COMMON_BLOCKS = YES;
				GCC_WARN_64_TO_32_BIT_CONVERSION = YES;
				GCC_WARN_ABOUT_RETURN_TYPE = YES_ERROR;
				GCC_WARN_UNDECLARED_SELECTOR = YES;
				GCC_WARN_UNINITIALIZED_AUTOS = YES_AGGRESSIVE;
				GCC_WARN_UNUSED_FUNCTION = YES;
				GCC_WARN_UNUSED_VARIABLE = YES;
				IPHONEOS_DEPLOYMENT_TARGET = 16.4;
				MTL_ENABLE_DEBUG_INFO = NO;
				MTL_FAST_MATH = YES;
				SDKROOT = iphoneos;
				SWIFT_COMPILATION_MODE = wholemodule;
				SWIFT_OPTIMIZATION_LEVEL = "-O";
				VALIDATE_PRODUCT = YES;
			};
			name = Release;
		};
		FA0916BE2A07B4F200E7F2AE /* Debug */ = {
			isa = XCBuildConfiguration;
			buildSettings = {
				ASSETCATALOG_COMPILER_APPICON_NAME = AppIcon;
				ASSETCATALOG_COMPILER_GLOBAL_ACCENT_COLOR_NAME = AccentColor;
				CODE_SIGN_STYLE = Automatic;
				CURRENT_PROJECT_VERSION = 1;
				DEVELOPMENT_ASSET_PATHS = "\"ToDoList/Preview Content\"";
				DEVELOPMENT_TEAM = BM94HG5B27;
				ENABLE_PREVIEWS = YES;
				GENERATE_INFOPLIST_FILE = YES;
				INFOPLIST_KEY_CFBundleDisplayName = "To Do List";
				INFOPLIST_KEY_UIApplicationSceneManifest_Generation = YES;
				INFOPLIST_KEY_UIApplicationSupportsIndirectInputEvents = YES;
				INFOPLIST_KEY_UILaunchScreen_Generation = YES;
				INFOPLIST_KEY_UISupportedInterfaceOrientations = UIInterfaceOrientationPortrait;
				LD_RUNPATH_SEARCH_PATHS = (
					"$(inherited)",
					"@executable_path/Frameworks",
				);
				MARKETING_VERSION = 1.0;
				PRODUCT_BUNDLE_IDENTIFIER = "Pavel-Bohomolnyi.ToDoList";
				PRODUCT_NAME = "$(TARGET_NAME)";
				SWIFT_EMIT_LOC_STRINGS = YES;
				SWIFT_VERSION = 5.0;
				TARGETED_DEVICE_FAMILY = "1,2";
			};
			name = Debug;
		};
		FA0916BF2A07B4F200E7F2AE /* Release */ = {
			isa = XCBuildConfiguration;
			buildSettings = {
				ASSETCATALOG_COMPILER_APPICON_NAME = AppIcon;
				ASSETCATALOG_COMPILER_GLOBAL_ACCENT_COLOR_NAME = AccentColor;
				CODE_SIGN_STYLE = Automatic;
				CURRENT_PROJECT_VERSION = 1;
				DEVELOPMENT_ASSET_PATHS = "\"ToDoList/Preview Content\"";
				DEVELOPMENT_TEAM = BM94HG5B27;
				ENABLE_PREVIEWS = YES;
				GENERATE_INFOPLIST_FILE = YES;
				INFOPLIST_KEY_CFBundleDisplayName = "To Do List";
				INFOPLIST_KEY_UIApplicationSceneManifest_Generation = YES;
				INFOPLIST_KEY_UIApplicationSupportsIndirectInputEvents = YES;
				INFOPLIST_KEY_UILaunchScreen_Generation = YES;
				INFOPLIST_KEY_UISupportedInterfaceOrientations = UIInterfaceOrientationPortrait;
				LD_RUNPATH_SEARCH_PATHS = (
					"$(inherited)",
					"@executable_path/Frameworks",
				);
				MARKETING_VERSION = 1.0;
				PRODUCT_BUNDLE_IDENTIFIER = "Pavel-Bohomolnyi.ToDoList";
				PRODUCT_NAME = "$(TARGET_NAME)";
				SWIFT_EMIT_LOC_STRINGS = YES;
				SWIFT_VERSION = 5.0;
				TARGETED_DEVICE_FAMILY = "1,2";
			};
			name = Release;
		};
/* End XCBuildConfiguration section */

/* Begin XCConfigurationList section */
		FA0916AA2A07B4F000E7F2AE /* Build configuration list for PBXProject "ToDoList" */ = {
			isa = XCConfigurationList;
			buildConfigurations = (
				FA0916BB2A07B4F200E7F2AE /* Debug */,
				FA0916BC2A07B4F200E7F2AE /* Release */,
			);
			defaultConfigurationIsVisible = 0;
			defaultConfigurationName = Release;
		};
		FA0916BD2A07B4F200E7F2AE /* Build configuration list for PBXNativeTarget "ToDoList" */ = {
			isa = XCConfigurationList;
			buildConfigurations = (
				FA0916BE2A07B4F200E7F2AE /* Debug */,
				FA0916BF2A07B4F200E7F2AE /* Release */,
			);
			defaultConfigurationIsVisible = 0;
			defaultConfigurationName = Release;
		};
/* End XCConfigurationList section */

/* Begin XCRemoteSwiftPackageReference section */
		FA0916C02A07B7E700E7F2AE /* XCRemoteSwiftPackageReference "firebase-ios-sdk" */ = {
			isa = XCRemoteSwiftPackageReference;
			repositoryURL = "https://github.com/firebase/firebase-ios-sdk";
			requirement = {
				kind = upToNextMajorVersion;
				minimumVersion = 9.0.0;
			};
		};
/* End XCRemoteSwiftPackageReference section */

/* Begin XCSwiftPackageProductDependency section */
		FA0916C12A07B7E700E7F2AE /* FirebaseAuth */ = {
			isa = XCSwiftPackageProductDependency;
			package = FA0916C02A07B7E700E7F2AE /* XCRemoteSwiftPackageReference "firebase-ios-sdk" */;
			productName = FirebaseAuth;
		};
		FA0916C32A07B7E700E7F2AE /* FirebaseFirestore */ = {
			isa = XCSwiftPackageProductDependency;
			package = FA0916C02A07B7E700E7F2AE /* XCRemoteSwiftPackageReference "firebase-ios-sdk" */;
			productName = FirebaseFirestore;
		};
		FA0916C52A07B7E700E7F2AE /* FirebaseFirestoreSwift */ = {
			isa = XCSwiftPackageProductDependency;
			package = FA0916C02A07B7E700E7F2AE /* XCRemoteSwiftPackageReference "firebase-ios-sdk" */;
			productName = FirebaseFirestoreSwift;
		};
/* End XCSwiftPackageProductDependency section */
	};
	rootObject = FA0916A72A07B4F000E7F2AE /* Project object */;
}
